
Microsoft Visual Studio Solution File, Format Version 12.00
# Visual Studio 15
VisualStudioVersion = 15.0.26730.12
MinimumVisualStudioVersion = 10.0.40219.1
Project("{9A19103F-16F7-4668-BE54-9A1E7A4F7556}") = "Krypton2018", "Krypton2018\Krypton2018.csproj", "{3AD6DCEC-20C6-420F-AB7F-9D600BFE8DD8}"
EndProject
Project("{9A19103F-16F7-4668-BE54-9A1E7A4F7556}") = "Bromum2018", "Bromum2018\Bromum2018.csproj", "{92A44CC2-0AFE-46D7-902E-32ACAFF07F55}"
EndProject
Project("{9A19103F-16F7-4668-BE54-9A1E7A4F7556}") = "FutureMobility", "FutureMobility\FutureMobility.csproj", "{20C7DD72-1A33-49A9-84C4-9F97FAF999A4}"
EndProject
Project("{2150E333-8FDC-42A3-9474-1A3956D46DE8}") = "Solution Items", "Solution Items", "{80B52AC8-8B94-468D-940B-1BE73076884C}"
	ProjectSection(SolutionItems) = preProject
		.gitignore = .gitignore
		CodilityChallenge.DotSettings = CodilityChallenge.DotSettings
		Directory.Build.props = Directory.Build.props
		README.md = README.md
	EndProjectSection
EndProject
Project("{9A19103F-16F7-4668-BE54-9A1E7A4F7556}") = "Common", "Common\Common.csproj", "{C8B067A4-ADC4-4D8C-9EE3-6B2147D488A5}"
EndProject
Project("{9A19103F-16F7-4668-BE54-9A1E7A4F7556}") = "Arsenicum2018", "Arsenicum2018\Arsenicum2018.csproj", "{27F85900-56A0-4272-A479-608BEA998264}"
EndProject
Project("{9A19103F-16F7-4668-BE54-9A1E7A4F7556}") = "Rubidium2018", "Rubidium2018\Rubidium2018.csproj", "{E784ADFB-CC4D-44B7-B321-AFD3CF7F2FF2}"
EndProject
Project("{9A19103F-16F7-4668-BE54-9A1E7A4F7556}") = "GrandChallenge", "GrandChallenge\GrandChallenge.csproj", "{F70F2057-777C-4AD9-9E18-9F8F1A2E425A}"
EndProject
Project("{9A19103F-16F7-4668-BE54-9A1E7A4F7556}") = "DigitalGold", "DigitalGold\DigitalGold.csproj", "{F21D6907-1B09-425A-B31C-32C62FEE80A4}"
EndProject
Project("{9A19103F-16F7-4668-BE54-9A1E7A4F7556}") = "Selenium2018", "Selenium2018\Selenium2018.csproj", "{399605CB-6433-4546-A704-2BC1D26223C8}"
EndProject
Project("{9A19103F-16F7-4668-BE54-9A1E7A4F7556}") = "Germanium2018", "Germanium2018\Germanium2018.csproj", "{AB4F0652-B3A2-4428-81D6-4F7C09D49A97}"
EndProject
Project("{9A19103F-16F7-4668-BE54-9A1E7A4F7556}") = "Gallium2018", "Gallium2018\Gallium2018.csproj", "{2A7DBBFF-C28B-4207-8CFD-67524C9C5BF2}"
EndProject
Project("{FAE04EC0-301F-11D3-BF4B-00C04F79EFBC}") = "Strontium2019", "Strontium2019\Strontium2019.csproj", "{EB924772-1E00-4DEE-82B5-53E2CCABC140}"
EndProject
Global
	GlobalSection(SolutionConfigurationPlatforms) = preSolution
		Debug|Any CPU = Debug|Any CPU
		Release|Any CPU = Release|Any CPU
	EndGlobalSection
	GlobalSection(ProjectConfigurationPlatforms) = postSolution
		{3AD6DCEC-20C6-420F-AB7F-9D600BFE8DD8}.Debug|Any CPU.ActiveCfg = Debug|Any CPU
		{3AD6DCEC-20C6-420F-AB7F-9D600BFE8DD8}.Debug|Any CPU.Build.0 = Debug|Any CPU
		{3AD6DCEC-20C6-420F-AB7F-9D600BFE8DD8}.Release|Any CPU.ActiveCfg = Release|Any CPU
		{3AD6DCEC-20C6-420F-AB7F-9D600BFE8DD8}.Release|Any CPU.Build.0 = Release|Any CPU
		{92A44CC2-0AFE-46D7-902E-32ACAFF07F55}.Debug|Any CPU.ActiveCfg = Debug|Any CPU
		{92A44CC2-0AFE-46D7-902E-32ACAFF07F55}.Debug|Any CPU.Build.0 = Debug|Any CPU
		{92A44CC2-0AFE-46D7-902E-32ACAFF07F55}.Release|Any CPU.ActiveCfg = Release|Any CPU
		{92A44CC2-0AFE-46D7-902E-32ACAFF07F55}.Release|Any CPU.Build.0 = Release|Any CPU
		{20C7DD72-1A33-49A9-84C4-9F97FAF999A4}.Debug|Any CPU.ActiveCfg = Debug|Any CPU
		{20C7DD72-1A33-49A9-84C4-9F97FAF999A4}.Debug|Any CPU.Build.0 = Debug|Any CPU
		{20C7DD72-1A33-49A9-84C4-9F97FAF999A4}.Release|Any CPU.ActiveCfg = Release|Any CPU
		{20C7DD72-1A33-49A9-84C4-9F97FAF999A4}.Release|Any CPU.Build.0 = Release|Any CPU
		{C8B067A4-ADC4-4D8C-9EE3-6B2147D488A5}.Debug|Any CPU.ActiveCfg = Debug|Any CPU
		{C8B067A4-ADC4-4D8C-9EE3-6B2147D488A5}.Debug|Any CPU.Build.0 = Debug|Any CPU
		{C8B067A4-ADC4-4D8C-9EE3-6B2147D488A5}.Release|Any CPU.ActiveCfg = Release|Any CPU
		{C8B067A4-ADC4-4D8C-9EE3-6B2147D488A5}.Release|Any CPU.Build.0 = Release|Any CPU
		{27F85900-56A0-4272-A479-608BEA998264}.Debug|Any CPU.ActiveCfg = Debug|Any CPU
		{27F85900-56A0-4272-A479-608BEA998264}.Debug|Any CPU.Build.0 = Debug|Any CPU
		{27F85900-56A0-4272-A479-608BEA998264}.Release|Any CPU.ActiveCfg = Release|Any CPU
		{27F85900-56A0-4272-A479-608BEA998264}.Release|Any CPU.Build.0 = Release|Any CPU
		{E784ADFB-CC4D-44B7-B321-AFD3CF7F2FF2}.Debug|Any CPU.ActiveCfg = Debug|Any CPU
		{E784ADFB-CC4D-44B7-B321-AFD3CF7F2FF2}.Debug|Any CPU.Build.0 = Debug|Any CPU
		{E784ADFB-CC4D-44B7-B321-AFD3CF7F2FF2}.Release|Any CPU.ActiveCfg = Release|Any CPU
		{E784ADFB-CC4D-44B7-B321-AFD3CF7F2FF2}.Release|Any CPU.Build.0 = Release|Any CPU
		{F70F2057-777C-4AD9-9E18-9F8F1A2E425A}.Debug|Any CPU.ActiveCfg = Debug|Any CPU
		{F70F2057-777C-4AD9-9E18-9F8F1A2E425A}.Debug|Any CPU.Build.0 = Debug|Any CPU
		{F70F2057-777C-4AD9-9E18-9F8F1A2E425A}.Release|Any CPU.ActiveCfg = Release|Any CPU
		{F70F2057-777C-4AD9-9E18-9F8F1A2E425A}.Release|Any CPU.Build.0 = Release|Any CPU
		{F21D6907-1B09-425A-B31C-32C62FEE80A4}.Debug|Any CPU.ActiveCfg = Debug|Any CPU
		{F21D6907-1B09-425A-B31C-32C62FEE80A4}.Debug|Any CPU.Build.0 = Debug|Any CPU
		{F21D6907-1B09-425A-B31C-32C62FEE80A4}.Release|Any CPU.ActiveCfg = Release|Any CPU
		{F21D6907-1B09-425A-B31C-32C62FEE80A4}.Release|Any CPU.Build.0 = Release|Any CPU
		{399605CB-6433-4546-A704-2BC1D26223C8}.Debug|Any CPU.ActiveCfg = Debug|Any CPU
		{399605CB-6433-4546-A704-2BC1D26223C8}.Debug|Any CPU.Build.0 = Debug|Any CPU
		{399605CB-6433-4546-A704-2BC1D26223C8}.Release|Any CPU.ActiveCfg = Release|Any CPU
		{399605CB-6433-4546-A704-2BC1D26223C8}.Release|Any CPU.Build.0 = Release|Any CPU
		{AB4F0652-B3A2-4428-81D6-4F7C09D49A97}.Debug|Any CPU.ActiveCfg = Debug|Any CPU
		{AB4F0652-B3A2-4428-81D6-4F7C09D49A97}.Debug|Any CPU.Build.0 = Debug|Any CPU
		{AB4F0652-B3A2-4428-81D6-4F7C09D49A97}.Release|Any CPU.ActiveCfg = Release|Any CPU
		{AB4F0652-B3A2-4428-81D6-4F7C09D49A97}.Release|Any CPU.Build.0 = Release|Any CPU
		{2A7DBBFF-C28B-4207-8CFD-67524C9C5BF2}.Debug|Any CPU.ActiveCfg = Debug|Any CPU
		{2A7DBBFF-C28B-4207-8CFD-67524C9C5BF2}.Debug|Any CPU.Build.0 = Debug|Any CPU
		{2A7DBBFF-C28B-4207-8CFD-67524C9C5BF2}.Release|Any CPU.ActiveCfg = Release|Any CPU
		{2A7DBBFF-C28B-4207-8CFD-67524C9C5BF2}.Release|Any CPU.Build.0 = Release|Any CPU
		{EB924772-1E00-4DEE-82B5-53E2CCABC140}.Debug|Any CPU.ActiveCfg = Debug|Any CPU
		{EB924772-1E00-4DEE-82B5-53E2CCABC140}.Debug|Any CPU.Build.0 = Debug|Any CPU
		{EB924772-1E00-4DEE-82B5-53E2CCABC140}.Release|Any CPU.ActiveCfg = Release|Any CPU
		{EB924772-1E00-4DEE-82B5-53E2CCABC140}.Release|Any CPU.Build.0 = Release|Any CPU
	EndGlobalSection
	GlobalSection(SolutionProperties) = preSolution
		HideSolutionNode = FALSE
	EndGlobalSection
	GlobalSection(ExtensibilityGlobals) = postSolution
		SolutionGuid = {81B32634-61C8-4231-8BD0-58277FC094BD}
	EndGlobalSection
EndGlobal
