
Microsoft Visual Studio Solution File, Format Version 12.00
# Visual Studio Version 16
VisualStudioVersion = 16.0.28922.388
MinimumVisualStudioVersion = 10.0.40219.1
Project("{2150E333-8FDC-42A3-9474-1A3956D46DE8}") = "Solution Items", "Solution Items", "{80B52AC8-8B94-468D-940B-1BE73076884C}"
	ProjectSection(SolutionItems) = preProject
		.gitignore = .gitignore
		CodilityChallenge.DotSettings = CodilityChallenge.DotSettings
		Directory.Build.props = Directory.Build.props
		README.md = README.md
	EndProjectSection
EndProject
Project("{2150E333-8FDC-42A3-9474-1A3956D46DE8}") = "Common", "Common", "{07C85631-FAFD-4B83-A2F2-314FD5370CE2}"
EndProject
Project("{2150E333-8FDC-42A3-9474-1A3956D46DE8}") = "2018", "2018", "{FA0FB4F2-BA05-41E0-86E8-A76ECEECBEBE}"
EndProject
Project("{2150E333-8FDC-42A3-9474-1A3956D46DE8}") = "2019", "2019", "{3B34FC5B-1915-4125-BDCF-1B90DCF52150}"
EndProject
Project("{888888A0-9F3D-457C-B088-3A5042F75D52}") = "Yttrium2019", "2019\Yttrium2019\Yttrium2019.pyproj", "{9D289F40-8E88-4B85-BAA8-E0E2258B2681}"
EndProject
Project("{9A19103F-16F7-4668-BE54-9A1E7A4F7556}") = "Common", "Common\Common\Common.csproj", "{2E07A15A-698E-42F0-85D2-8129D324AC6E}"
EndProject
Project("{9A19103F-16F7-4668-BE54-9A1E7A4F7556}") = "Algorithms", "Common\Algorithms\Algorithms.csproj", "{F50FF3B5-2F0A-4172-BC5A-70DB5728E0FE}"
EndProject
Project("{9A19103F-16F7-4668-BE54-9A1E7A4F7556}") = "Strontium2019", "2019\Strontium2019\Strontium2019.csproj", "{36FAF716-893C-453A-B3A8-895D07CD19BD}"
EndProject
Project("{9A19103F-16F7-4668-BE54-9A1E7A4F7556}") = "Arsenicum2018", "2018\Arsenicum2018\Arsenicum2018.csproj", "{DD45DE62-B285-4B6E-8B41-734FDF70068E}"
EndProject
Project("{9A19103F-16F7-4668-BE54-9A1E7A4F7556}") = "Bromum2018", "2018\Bromum2018\Bromum2018.csproj", "{9420D4F7-41F8-472E-81E5-21FCFDAE473B}"
EndProject
Project("{9A19103F-16F7-4668-BE54-9A1E7A4F7556}") = "Cobaltum2018", "2018\Cobaltum2018\Cobaltum2018.csproj", "{F80B8BB6-F029-4881-BD5A-DD93529568F1}"
EndProject
Project("{9A19103F-16F7-4668-BE54-9A1E7A4F7556}") = "Cuprum2018", "2018\Cuprum2018\Cuprum2018.csproj", "{7EA4AC2D-5942-4C3D-8257-460B491B8EB3}"
EndProject
Project("{9A19103F-16F7-4668-BE54-9A1E7A4F7556}") = "CuttingComplexity", "2018\CuttingComplexity\CuttingComplexity.csproj", "{69CBE13D-B6D3-4F10-8362-BF2AA3A9AA1D}"
EndProject
Project("{9A19103F-16F7-4668-BE54-9A1E7A4F7556}") = "DigitalGold", "2018\DigitalGold\DigitalGold.csproj", "{5DACDD49-69A2-41BB-BFD2-939C78AE0A30}"
EndProject
Project("{9A19103F-16F7-4668-BE54-9A1E7A4F7556}") = "Ferrum2018", "2018\Ferrum2018\Ferrum2018.csproj", "{CEB1CBA3-AE1F-4877-B1DC-A1EF65D3F52D}"
EndProject
Project("{9A19103F-16F7-4668-BE54-9A1E7A4F7556}") = "FutureMobility", "2018\FutureMobility\FutureMobility.csproj", "{0D36D035-12FA-4E28-AFA7-DE4A27E0A052}"
EndProject
Project("{9A19103F-16F7-4668-BE54-9A1E7A4F7556}") = "Gallium2018", "2018\Gallium2018\Gallium2018.csproj", "{88919F4F-2A74-4DCA-8268-0856CE11B4C7}"
EndProject
Project("{9A19103F-16F7-4668-BE54-9A1E7A4F7556}") = "Germanium2018", "2018\Germanium2018\Germanium2018.csproj", "{ADB17E22-F42A-4DD6-8140-D198BB8E262B}"
EndProject
Project("{9A19103F-16F7-4668-BE54-9A1E7A4F7556}") = "GrandChallenge", "2018\GrandChallenge\GrandChallenge.csproj", "{C1172DAC-AC64-499D-9886-702721047705}"
EndProject
Project("{9A19103F-16F7-4668-BE54-9A1E7A4F7556}") = "Krypton2018", "2018\Krypton2018\Krypton2018.csproj", "{7D8930AD-1D39-428A-A822-87730B2BB0BB}"
EndProject
Project("{9A19103F-16F7-4668-BE54-9A1E7A4F7556}") = "Nickel2018", "2018\Nickel2018\Nickel2018.csproj", "{70E87DD4-626A-42FF-91A7-A8D5C0ABAC2E}"
EndProject
Project("{9A19103F-16F7-4668-BE54-9A1E7A4F7556}") = "Rubidium2018", "2018\Rubidium2018\Rubidium2018.csproj", "{B5D4EBCF-1007-4697-8DE3-7443B51DF23E}"
EndProject
Project("{9A19103F-16F7-4668-BE54-9A1E7A4F7556}") = "Selenium2018", "2018\Selenium2018\Selenium2018.csproj", "{F0DE192A-D98D-48D5-9B07-9FA8E41E8B86}"
EndProject
Project("{9A19103F-16F7-4668-BE54-9A1E7A4F7556}") = "Zinc2018", "2018\Zinc2018\Zinc2018.csproj", "{91313F30-9E09-490E-8F83-CA8057796266}"
EndProject
Project("{9A19103F-16F7-4668-BE54-9A1E7A4F7556}") = "Zirconium2019", "2019\Zirconium2019\Zirconium2019.csproj", "{FBDA2113-B8CB-4F92-AAC6-E671DD369AB1}"
EndProject
Project("{9A19103F-16F7-4668-BE54-9A1E7A4F7556}") = "Niobium2019", "2019\Niobium2019\Niobium2019.csproj", "{EC8EDAFF-F873-47B8-827C-AA237BAC9EB3}"
EndProject
Project("{9A19103F-16F7-4668-BE54-9A1E7A4F7556}") = "Molybdenum2019", "2019\Molybdenum2019\Molybdenum2019.csproj", "{04E49CBD-2DEE-43E7-9F29-E9D62958B8EB}"
EndProject
Global
	GlobalSection(SolutionConfigurationPlatforms) = preSolution
		Debug|Any CPU = Debug|Any CPU
		Release|Any CPU = Release|Any CPU
	EndGlobalSection
	GlobalSection(ProjectConfigurationPlatforms) = postSolution
		{9D289F40-8E88-4B85-BAA8-E0E2258B2681}.Debug|Any CPU.ActiveCfg = Debug|Any CPU
		{9D289F40-8E88-4B85-BAA8-E0E2258B2681}.Release|Any CPU.ActiveCfg = Release|Any CPU
		{2E07A15A-698E-42F0-85D2-8129D324AC6E}.Debug|Any CPU.ActiveCfg = Debug|Any CPU
		{2E07A15A-698E-42F0-85D2-8129D324AC6E}.Debug|Any CPU.Build.0 = Debug|Any CPU
		{2E07A15A-698E-42F0-85D2-8129D324AC6E}.Release|Any CPU.ActiveCfg = Release|Any CPU
		{2E07A15A-698E-42F0-85D2-8129D324AC6E}.Release|Any CPU.Build.0 = Release|Any CPU
		{F50FF3B5-2F0A-4172-BC5A-70DB5728E0FE}.Debug|Any CPU.ActiveCfg = Debug|Any CPU
		{F50FF3B5-2F0A-4172-BC5A-70DB5728E0FE}.Debug|Any CPU.Build.0 = Debug|Any CPU
		{F50FF3B5-2F0A-4172-BC5A-70DB5728E0FE}.Release|Any CPU.ActiveCfg = Release|Any CPU
		{F50FF3B5-2F0A-4172-BC5A-70DB5728E0FE}.Release|Any CPU.Build.0 = Release|Any CPU
		{36FAF716-893C-453A-B3A8-895D07CD19BD}.Debug|Any CPU.ActiveCfg = Debug|Any CPU
		{36FAF716-893C-453A-B3A8-895D07CD19BD}.Debug|Any CPU.Build.0 = Debug|Any CPU
		{36FAF716-893C-453A-B3A8-895D07CD19BD}.Release|Any CPU.ActiveCfg = Release|Any CPU
		{36FAF716-893C-453A-B3A8-895D07CD19BD}.Release|Any CPU.Build.0 = Release|Any CPU
		{DD45DE62-B285-4B6E-8B41-734FDF70068E}.Debug|Any CPU.ActiveCfg = Debug|Any CPU
		{DD45DE62-B285-4B6E-8B41-734FDF70068E}.Debug|Any CPU.Build.0 = Debug|Any CPU
		{DD45DE62-B285-4B6E-8B41-734FDF70068E}.Release|Any CPU.ActiveCfg = Release|Any CPU
		{DD45DE62-B285-4B6E-8B41-734FDF70068E}.Release|Any CPU.Build.0 = Release|Any CPU
		{9420D4F7-41F8-472E-81E5-21FCFDAE473B}.Debug|Any CPU.ActiveCfg = Debug|Any CPU
		{9420D4F7-41F8-472E-81E5-21FCFDAE473B}.Debug|Any CPU.Build.0 = Debug|Any CPU
		{9420D4F7-41F8-472E-81E5-21FCFDAE473B}.Release|Any CPU.ActiveCfg = Release|Any CPU
		{9420D4F7-41F8-472E-81E5-21FCFDAE473B}.Release|Any CPU.Build.0 = Release|Any CPU
		{F80B8BB6-F029-4881-BD5A-DD93529568F1}.Debug|Any CPU.ActiveCfg = Debug|Any CPU
		{F80B8BB6-F029-4881-BD5A-DD93529568F1}.Debug|Any CPU.Build.0 = Debug|Any CPU
		{F80B8BB6-F029-4881-BD5A-DD93529568F1}.Release|Any CPU.ActiveCfg = Release|Any CPU
		{F80B8BB6-F029-4881-BD5A-DD93529568F1}.Release|Any CPU.Build.0 = Release|Any CPU
		{7EA4AC2D-5942-4C3D-8257-460B491B8EB3}.Debug|Any CPU.ActiveCfg = Debug|Any CPU
		{7EA4AC2D-5942-4C3D-8257-460B491B8EB3}.Debug|Any CPU.Build.0 = Debug|Any CPU
		{7EA4AC2D-5942-4C3D-8257-460B491B8EB3}.Release|Any CPU.ActiveCfg = Release|Any CPU
		{7EA4AC2D-5942-4C3D-8257-460B491B8EB3}.Release|Any CPU.Build.0 = Release|Any CPU
		{69CBE13D-B6D3-4F10-8362-BF2AA3A9AA1D}.Debug|Any CPU.ActiveCfg = Debug|Any CPU
		{69CBE13D-B6D3-4F10-8362-BF2AA3A9AA1D}.Debug|Any CPU.Build.0 = Debug|Any CPU
		{69CBE13D-B6D3-4F10-8362-BF2AA3A9AA1D}.Release|Any CPU.ActiveCfg = Release|Any CPU
		{69CBE13D-B6D3-4F10-8362-BF2AA3A9AA1D}.Release|Any CPU.Build.0 = Release|Any CPU
		{5DACDD49-69A2-41BB-BFD2-939C78AE0A30}.Debug|Any CPU.ActiveCfg = Debug|Any CPU
		{5DACDD49-69A2-41BB-BFD2-939C78AE0A30}.Debug|Any CPU.Build.0 = Debug|Any CPU
		{5DACDD49-69A2-41BB-BFD2-939C78AE0A30}.Release|Any CPU.ActiveCfg = Release|Any CPU
		{5DACDD49-69A2-41BB-BFD2-939C78AE0A30}.Release|Any CPU.Build.0 = Release|Any CPU
		{CEB1CBA3-AE1F-4877-B1DC-A1EF65D3F52D}.Debug|Any CPU.ActiveCfg = Debug|Any CPU
		{CEB1CBA3-AE1F-4877-B1DC-A1EF65D3F52D}.Debug|Any CPU.Build.0 = Debug|Any CPU
		{CEB1CBA3-AE1F-4877-B1DC-A1EF65D3F52D}.Release|Any CPU.ActiveCfg = Release|Any CPU
		{CEB1CBA3-AE1F-4877-B1DC-A1EF65D3F52D}.Release|Any CPU.Build.0 = Release|Any CPU
		{0D36D035-12FA-4E28-AFA7-DE4A27E0A052}.Debug|Any CPU.ActiveCfg = Debug|Any CPU
		{0D36D035-12FA-4E28-AFA7-DE4A27E0A052}.Debug|Any CPU.Build.0 = Debug|Any CPU
		{0D36D035-12FA-4E28-AFA7-DE4A27E0A052}.Release|Any CPU.ActiveCfg = Release|Any CPU
		{0D36D035-12FA-4E28-AFA7-DE4A27E0A052}.Release|Any CPU.Build.0 = Release|Any CPU
		{88919F4F-2A74-4DCA-8268-0856CE11B4C7}.Debug|Any CPU.ActiveCfg = Debug|Any CPU
		{88919F4F-2A74-4DCA-8268-0856CE11B4C7}.Debug|Any CPU.Build.0 = Debug|Any CPU
		{88919F4F-2A74-4DCA-8268-0856CE11B4C7}.Release|Any CPU.ActiveCfg = Release|Any CPU
		{88919F4F-2A74-4DCA-8268-0856CE11B4C7}.Release|Any CPU.Build.0 = Release|Any CPU
		{ADB17E22-F42A-4DD6-8140-D198BB8E262B}.Debug|Any CPU.ActiveCfg = Debug|Any CPU
		{ADB17E22-F42A-4DD6-8140-D198BB8E262B}.Debug|Any CPU.Build.0 = Debug|Any CPU
		{ADB17E22-F42A-4DD6-8140-D198BB8E262B}.Release|Any CPU.ActiveCfg = Release|Any CPU
		{ADB17E22-F42A-4DD6-8140-D198BB8E262B}.Release|Any CPU.Build.0 = Release|Any CPU
		{C1172DAC-AC64-499D-9886-702721047705}.Debug|Any CPU.ActiveCfg = Debug|Any CPU
		{C1172DAC-AC64-499D-9886-702721047705}.Debug|Any CPU.Build.0 = Debug|Any CPU
		{C1172DAC-AC64-499D-9886-702721047705}.Release|Any CPU.ActiveCfg = Release|Any CPU
		{C1172DAC-AC64-499D-9886-702721047705}.Release|Any CPU.Build.0 = Release|Any CPU
		{7D8930AD-1D39-428A-A822-87730B2BB0BB}.Debug|Any CPU.ActiveCfg = Debug|Any CPU
		{7D8930AD-1D39-428A-A822-87730B2BB0BB}.Debug|Any CPU.Build.0 = Debug|Any CPU
		{7D8930AD-1D39-428A-A822-87730B2BB0BB}.Release|Any CPU.ActiveCfg = Release|Any CPU
		{7D8930AD-1D39-428A-A822-87730B2BB0BB}.Release|Any CPU.Build.0 = Release|Any CPU
		{70E87DD4-626A-42FF-91A7-A8D5C0ABAC2E}.Debug|Any CPU.ActiveCfg = Debug|Any CPU
		{70E87DD4-626A-42FF-91A7-A8D5C0ABAC2E}.Debug|Any CPU.Build.0 = Debug|Any CPU
		{70E87DD4-626A-42FF-91A7-A8D5C0ABAC2E}.Release|Any CPU.ActiveCfg = Release|Any CPU
		{70E87DD4-626A-42FF-91A7-A8D5C0ABAC2E}.Release|Any CPU.Build.0 = Release|Any CPU
		{B5D4EBCF-1007-4697-8DE3-7443B51DF23E}.Debug|Any CPU.ActiveCfg = Debug|Any CPU
		{B5D4EBCF-1007-4697-8DE3-7443B51DF23E}.Debug|Any CPU.Build.0 = Debug|Any CPU
		{B5D4EBCF-1007-4697-8DE3-7443B51DF23E}.Release|Any CPU.ActiveCfg = Release|Any CPU
		{B5D4EBCF-1007-4697-8DE3-7443B51DF23E}.Release|Any CPU.Build.0 = Release|Any CPU
		{F0DE192A-D98D-48D5-9B07-9FA8E41E8B86}.Debug|Any CPU.ActiveCfg = Debug|Any CPU
		{F0DE192A-D98D-48D5-9B07-9FA8E41E8B86}.Debug|Any CPU.Build.0 = Debug|Any CPU
		{F0DE192A-D98D-48D5-9B07-9FA8E41E8B86}.Release|Any CPU.ActiveCfg = Release|Any CPU
		{F0DE192A-D98D-48D5-9B07-9FA8E41E8B86}.Release|Any CPU.Build.0 = Release|Any CPU
		{91313F30-9E09-490E-8F83-CA8057796266}.Debug|Any CPU.ActiveCfg = Debug|Any CPU
		{91313F30-9E09-490E-8F83-CA8057796266}.Debug|Any CPU.Build.0 = Debug|Any CPU
		{91313F30-9E09-490E-8F83-CA8057796266}.Release|Any CPU.ActiveCfg = Release|Any CPU
		{91313F30-9E09-490E-8F83-CA8057796266}.Release|Any CPU.Build.0 = Release|Any CPU
		{FBDA2113-B8CB-4F92-AAC6-E671DD369AB1}.Debug|Any CPU.ActiveCfg = Debug|Any CPU
		{FBDA2113-B8CB-4F92-AAC6-E671DD369AB1}.Debug|Any CPU.Build.0 = Debug|Any CPU
		{FBDA2113-B8CB-4F92-AAC6-E671DD369AB1}.Release|Any CPU.ActiveCfg = Release|Any CPU
		{FBDA2113-B8CB-4F92-AAC6-E671DD369AB1}.Release|Any CPU.Build.0 = Release|Any CPU
		{EC8EDAFF-F873-47B8-827C-AA237BAC9EB3}.Debug|Any CPU.ActiveCfg = Debug|Any CPU
		{EC8EDAFF-F873-47B8-827C-AA237BAC9EB3}.Debug|Any CPU.Build.0 = Debug|Any CPU
		{EC8EDAFF-F873-47B8-827C-AA237BAC9EB3}.Release|Any CPU.ActiveCfg = Release|Any CPU
		{EC8EDAFF-F873-47B8-827C-AA237BAC9EB3}.Release|Any CPU.Build.0 = Release|Any CPU
		{04E49CBD-2DEE-43E7-9F29-E9D62958B8EB}.Debug|Any CPU.ActiveCfg = Debug|Any CPU
		{04E49CBD-2DEE-43E7-9F29-E9D62958B8EB}.Debug|Any CPU.Build.0 = Debug|Any CPU
		{04E49CBD-2DEE-43E7-9F29-E9D62958B8EB}.Release|Any CPU.ActiveCfg = Release|Any CPU
		{04E49CBD-2DEE-43E7-9F29-E9D62958B8EB}.Release|Any CPU.Build.0 = Release|Any CPU
	EndGlobalSection
	GlobalSection(SolutionProperties) = preSolution
		HideSolutionNode = FALSE
	EndGlobalSection
	GlobalSection(NestedProjects) = preSolution
		{9D289F40-8E88-4B85-BAA8-E0E2258B2681} = {3B34FC5B-1915-4125-BDCF-1B90DCF52150}
		{2E07A15A-698E-42F0-85D2-8129D324AC6E} = {07C85631-FAFD-4B83-A2F2-314FD5370CE2}
		{F50FF3B5-2F0A-4172-BC5A-70DB5728E0FE} = {07C85631-FAFD-4B83-A2F2-314FD5370CE2}
		{36FAF716-893C-453A-B3A8-895D07CD19BD} = {3B34FC5B-1915-4125-BDCF-1B90DCF52150}
		{DD45DE62-B285-4B6E-8B41-734FDF70068E} = {FA0FB4F2-BA05-41E0-86E8-A76ECEECBEBE}
		{9420D4F7-41F8-472E-81E5-21FCFDAE473B} = {FA0FB4F2-BA05-41E0-86E8-A76ECEECBEBE}
		{F80B8BB6-F029-4881-BD5A-DD93529568F1} = {FA0FB4F2-BA05-41E0-86E8-A76ECEECBEBE}
		{7EA4AC2D-5942-4C3D-8257-460B491B8EB3} = {FA0FB4F2-BA05-41E0-86E8-A76ECEECBEBE}
		{69CBE13D-B6D3-4F10-8362-BF2AA3A9AA1D} = {FA0FB4F2-BA05-41E0-86E8-A76ECEECBEBE}
		{5DACDD49-69A2-41BB-BFD2-939C78AE0A30} = {FA0FB4F2-BA05-41E0-86E8-A76ECEECBEBE}
		{CEB1CBA3-AE1F-4877-B1DC-A1EF65D3F52D} = {FA0FB4F2-BA05-41E0-86E8-A76ECEECBEBE}
		{0D36D035-12FA-4E28-AFA7-DE4A27E0A052} = {FA0FB4F2-BA05-41E0-86E8-A76ECEECBEBE}
		{88919F4F-2A74-4DCA-8268-0856CE11B4C7} = {FA0FB4F2-BA05-41E0-86E8-A76ECEECBEBE}
		{ADB17E22-F42A-4DD6-8140-D198BB8E262B} = {FA0FB4F2-BA05-41E0-86E8-A76ECEECBEBE}
		{C1172DAC-AC64-499D-9886-702721047705} = {FA0FB4F2-BA05-41E0-86E8-A76ECEECBEBE}
		{7D8930AD-1D39-428A-A822-87730B2BB0BB} = {FA0FB4F2-BA05-41E0-86E8-A76ECEECBEBE}
		{70E87DD4-626A-42FF-91A7-A8D5C0ABAC2E} = {FA0FB4F2-BA05-41E0-86E8-A76ECEECBEBE}
		{B5D4EBCF-1007-4697-8DE3-7443B51DF23E} = {FA0FB4F2-BA05-41E0-86E8-A76ECEECBEBE}
		{F0DE192A-D98D-48D5-9B07-9FA8E41E8B86} = {FA0FB4F2-BA05-41E0-86E8-A76ECEECBEBE}
		{91313F30-9E09-490E-8F83-CA8057796266} = {FA0FB4F2-BA05-41E0-86E8-A76ECEECBEBE}
		{FBDA2113-B8CB-4F92-AAC6-E671DD369AB1} = {3B34FC5B-1915-4125-BDCF-1B90DCF52150}
		{EC8EDAFF-F873-47B8-827C-AA237BAC9EB3} = {3B34FC5B-1915-4125-BDCF-1B90DCF52150}
		{04E49CBD-2DEE-43E7-9F29-E9D62958B8EB} = {3B34FC5B-1915-4125-BDCF-1B90DCF52150}
	EndGlobalSection
	GlobalSection(ExtensibilityGlobals) = postSolution
		SolutionGuid = {81B32634-61C8-4231-8BD0-58277FC094BD}
	EndGlobalSection
EndGlobal
